
Microsoft Visual Studio Solution File, Format Version 12.00
# Visual Studio Version 16
VisualStudioVersion = 16.0.31129.286
MinimumVisualStudioVersion = 10.0.40219.1
Project("{FAE04EC0-301F-11D3-BF4B-00C04F79EFBC}") = "Request", "Request\Request.csproj", "{1AD0F8A0-AC9C-4CB7-9B55-C45E04653BAE}"
EndProject
Project("{2150E333-8FDC-42A3-9474-1A3956D46DE8}") = "Tests", "Tests", "{DB87809E-02BC-4CFF-A28D-93128702878F}"
EndProject
Project("{FAE04EC0-301F-11D3-BF4B-00C04F79EFBC}") = "RequestTests", "RequestTests\RequestTests.csproj", "{6D7C708A-1F67-4349-8B01-3AA4F4CA96D4}"
EndProject
Project("{FAE04EC0-301F-11D3-BF4B-00C04F79EFBC}") = "RequestModel", "RequestModel\RequestModel.csproj", "{4D4C1E52-EFAA-4783-880C-B83679C077AA}"
EndProject
Project("{2150E333-8FDC-42A3-9474-1A3956D46DE8}") = "SolutionItems", "SolutionItems", "{E981B944-59DE-4E6A-A70E-3BCA03973B46}"
EndProject
Global
	GlobalSection(SolutionConfigurationPlatforms) = preSolution
		Debug|Any CPU = Debug|Any CPU
		Release|Any CPU = Release|Any CPU
	EndGlobalSection
	GlobalSection(ProjectConfigurationPlatforms) = postSolution
		{1AD0F8A0-AC9C-4CB7-9B55-C45E04653BAE}.Debug|Any CPU.ActiveCfg = Debug|Any CPU
		{1AD0F8A0-AC9C-4CB7-9B55-C45E04653BAE}.Debug|Any CPU.Build.0 = Debug|Any CPU
		{1AD0F8A0-AC9C-4CB7-9B55-C45E04653BAE}.Release|Any CPU.ActiveCfg = Release|Any CPU
		{1AD0F8A0-AC9C-4CB7-9B55-C45E04653BAE}.Release|Any CPU.Build.0 = Release|Any CPU
		{6D7C708A-1F67-4349-8B01-3AA4F4CA96D4}.Debug|Any CPU.ActiveCfg = Debug|Any CPU
		{6D7C708A-1F67-4349-8B01-3AA4F4CA96D4}.Debug|Any CPU.Build.0 = Debug|Any CPU
		{6D7C708A-1F67-4349-8B01-3AA4F4CA96D4}.Release|Any CPU.ActiveCfg = Release|Any CPU
		{6D7C708A-1F67-4349-8B01-3AA4F4CA96D4}.Release|Any CPU.Build.0 = Release|Any CPU
		{4D4C1E52-EFAA-4783-880C-B83679C077AA}.Debug|Any CPU.ActiveCfg = Debug|Any CPU
		{4D4C1E52-EFAA-4783-880C-B83679C077AA}.Debug|Any CPU.Build.0 = Debug|Any CPU
		{4D4C1E52-EFAA-4783-880C-B83679C077AA}.Release|Any CPU.ActiveCfg = Release|Any CPU
		{4D4C1E52-EFAA-4783-880C-B83679C077AA}.Release|Any CPU.Build.0 = Release|Any CPU
	EndGlobalSection
	GlobalSection(SolutionProperties) = preSolution
		HideSolutionNode = FALSE
	EndGlobalSection
	GlobalSection(NestedProjects) = preSolution
		{6D7C708A-1F67-4349-8B01-3AA4F4CA96D4} = {DB87809E-02BC-4CFF-A28D-93128702878F}
	EndGlobalSection
	GlobalSection(ExtensibilityGlobals) = postSolution
		SolutionGuid = {EE528674-8EF6-40D0-BB28-931F151D3832}
	EndGlobalSection
EndGlobal
